
Microsoft Visual Studio Solution File, Format Version 12.00
# Visual Studio Version 17
VisualStudioVersion = 17.4.33122.133
MinimumVisualStudioVersion = 10.0.40219.1
Project("{FAE04EC0-301F-11D3-BF4B-00C04F79EFBC}") = "Part 7 - Collections", "Part 7 - Collections.csproj", "{1B2A7189-C10A-4C7B-95A6-EC5DC8BCDAD8}"
EndProject
Global
	GlobalSection(SolutionConfigurationPlatforms) = preSolution
		Debug|Any CPU = Debug|Any CPU
		Release|Any CPU = Release|Any CPU
	EndGlobalSection
	GlobalSection(ProjectConfigurationPlatforms) = postSolution
		{1B2A7189-C10A-4C7B-95A6-EC5DC8BCDAD8}.Debug|Any CPU.ActiveCfg = Debug|Any CPU
		{1B2A7189-C10A-4C7B-95A6-EC5DC8BCDAD8}.Debug|Any CPU.Build.0 = Debug|Any CPU
		{1B2A7189-C10A-4C7B-95A6-EC5DC8BCDAD8}.Release|Any CPU.ActiveCfg = Release|Any CPU
		{1B2A7189-C10A-4C7B-95A6-EC5DC8BCDAD8}.Release|Any CPU.Build.0 = Release|Any CPU
	EndGlobalSection
	GlobalSection(SolutionProperties) = preSolution
		HideSolutionNode = FALSE
	EndGlobalSection
	GlobalSection(ExtensibilityGlobals) = postSolution
		SolutionGuid = {88123B18-7638-45FF-8C8D-D06E069488F8}
	EndGlobalSection
EndGlobal
